{
    "version": 3,
    "terraform_version": "0.11.2",
    "serial": 6,
    "lineage": "5e148426-e4ec-408d-9990-0acdeb058be5",
    "modules": [
        {
            "path": [
                "root"
            ],
            "outputs": {},
            "resources": {
                "google_project.class_projects": {
                    "type": "google_project",
                    "depends_on": [],
                    "primary": {
                        "id": "duncan-terraform-class-5314e69",
                        "attributes": {
                            "folder_id": "",
                            "id": "duncan-terraform-class-5314e69",
                            "labels.%": "0",
                            "name": "duncan - Terraform Class",
                            "number": "347034520085",
                            "org_id": "285922062277",
                            "project_id": "duncan-terraform-class-5314e69"
                        },
                        "meta": {
                            "schema_version": "1"
                        },
                        "tainted": false
                    },
                    "deposed": [],
                    "provider": "provider.google"
                },
                "google_project_iam_member.project": {
                    "type": "google_project_iam_member",
                    "depends_on": [
                        "google_project.class_projects.*"
                    ],
                    "primary": {
                        "id": "347034520085/roles/editor/user:duncan@fedde.us",
                        "attributes": {
                            "etag": "BwVj3dGPXAU=",
                            "id": "347034520085/roles/editor/user:duncan@fedde.us",
                            "member": "user:duncan@fedde.us",
                            "project": "347034520085",
                            "role": "roles/editor"
                        },
                        "meta": {},
                        "tainted": false
                    },
                    "deposed": [],
                    "provider": "provider.google"
                }
            },
            "depends_on": []
        }
    ]
}
